
Microsoft Visual Studio Solution File, Format Version 12.00
# Visual Studio 15
VisualStudioVersion = 15.0.28307.902
MinimumVisualStudioVersion = 10.0.40219.1
Project("{9A19103F-16F7-4668-BE54-9A1E7A4F7556}") = "eHub.Common", "eHub.Service\eHub.Common.csproj", "{22E53E71-6ED0-4B2B-B721-157F182AFCE1}"
EndProject
Project("{FAE04EC0-301F-11D3-BF4B-00C04F79EFBC}") = "eHub.Common.Tests", "eHub.Services.Tests\eHub.Common.Tests.csproj", "{BD7BD2BB-2E2B-4B06-9864-99A683B04E2E}"
EndProject
Global
	GlobalSection(SolutionConfigurationPlatforms) = preSolution
		Debug|Any CPU = Debug|Any CPU
		Release|Any CPU = Release|Any CPU
	EndGlobalSection
	GlobalSection(ProjectConfigurationPlatforms) = postSolution
		{22E53E71-6ED0-4B2B-B721-157F182AFCE1}.Debug|Any CPU.ActiveCfg = Debug|Any CPU
		{22E53E71-6ED0-4B2B-B721-157F182AFCE1}.Debug|Any CPU.Build.0 = Debug|Any CPU
		{22E53E71-6ED0-4B2B-B721-157F182AFCE1}.Release|Any CPU.ActiveCfg = Release|Any CPU
		{22E53E71-6ED0-4B2B-B721-157F182AFCE1}.Release|Any CPU.Build.0 = Release|Any CPU
		{BD7BD2BB-2E2B-4B06-9864-99A683B04E2E}.Debug|Any CPU.ActiveCfg = Debug|Any CPU
		{BD7BD2BB-2E2B-4B06-9864-99A683B04E2E}.Debug|Any CPU.Build.0 = Debug|Any CPU
		{BD7BD2BB-2E2B-4B06-9864-99A683B04E2E}.Release|Any CPU.ActiveCfg = Release|Any CPU
		{BD7BD2BB-2E2B-4B06-9864-99A683B04E2E}.Release|Any CPU.Build.0 = Release|Any CPU
	EndGlobalSection
	GlobalSection(SolutionProperties) = preSolution
		HideSolutionNode = FALSE
	EndGlobalSection
	GlobalSection(ExtensibilityGlobals) = postSolution
		SolutionGuid = {0492A88E-ED43-4026-8F9D-A741CBF7B15D}
	EndGlobalSection
EndGlobal
